
Microsoft Visual Studio Solution File, Format Version 12.00
# Visual Studio Version 17
VisualStudioVersion = 17.9.34607.119
MinimumVisualStudioVersion = 10.0.40219.1
Project("{FAE04EC0-301F-11D3-BF4B-00C04F79EFBC}") = "SerilogAPI", "SerilogAPI\SerilogAPI.csproj", "{0E693F4A-6908-4E68-9516-32F0CB26D97B}"
EndProject
Project("{FAE04EC0-301F-11D3-BF4B-00C04F79EFBC}") = "SerilogConsole", "SerilogConsole\SerilogConsole.csproj", "{C62430F3-D8C1-4C58-A5E8-2AD014CDE9A0}"
EndProject
Global
	GlobalSection(SolutionConfigurationPlatforms) = preSolution
		Debug|Any CPU = Debug|Any CPU
		Release|Any CPU = Release|Any CPU
	EndGlobalSection
	GlobalSection(ProjectConfigurationPlatforms) = postSolution
		{0E693F4A-6908-4E68-9516-32F0CB26D97B}.Debug|Any CPU.ActiveCfg = Debug|Any CPU
		{0E693F4A-6908-4E68-9516-32F0CB26D97B}.Debug|Any CPU.Build.0 = Debug|Any CPU
		{0E693F4A-6908-4E68-9516-32F0CB26D97B}.Release|Any CPU.ActiveCfg = Release|Any CPU
		{0E693F4A-6908-4E68-9516-32F0CB26D97B}.Release|Any CPU.Build.0 = Release|Any CPU
		{C62430F3-D8C1-4C58-A5E8-2AD014CDE9A0}.Debug|Any CPU.ActiveCfg = Debug|Any CPU
		{C62430F3-D8C1-4C58-A5E8-2AD014CDE9A0}.Debug|Any CPU.Build.0 = Debug|Any CPU
		{C62430F3-D8C1-4C58-A5E8-2AD014CDE9A0}.Release|Any CPU.ActiveCfg = Release|Any CPU
		{C62430F3-D8C1-4C58-A5E8-2AD014CDE9A0}.Release|Any CPU.Build.0 = Release|Any CPU
	EndGlobalSection
	GlobalSection(SolutionProperties) = preSolution
		HideSolutionNode = FALSE
	EndGlobalSection
	GlobalSection(ExtensibilityGlobals) = postSolution
		SolutionGuid = {7EE1C1F8-FD7E-4168-9622-765C1620F579}
	EndGlobalSection
EndGlobal
